{
  "version": 4,
  "terraform_version": "1.2.9",
  "serial": 159,
  "lineage": "f190c53f-d023-21b5-fc26-f5decf1fce9a",
  "outputs": {
    "domain": {
      "value": "rensair-backend.xelerate.solutions",
      "type": "string"
    },
    "ec2_ip": {
      "value": "13.51.161.226",
      "type": "string"
    }
  },
  "resources": [
    {
      "mode": "data",
      "type": "aws_route53_zone",
      "name": "solutions",
      "provider": "provider[\"registry.terraform.io/hashicorp/aws\"]",
      "instances": [
        {
          "schema_version": 0,
          "attributes": {
            "arn": "arn:aws:route53:::hostedzone/Z06601991ZHJ55QUAMGVM",
            "caller_reference": "50f66b89-4c2a-4e8b-8b55-2bd7efcf8194",
            "comment": "",
            "id": "Z06601991ZHJ55QUAMGVM",
            "linked_service_description": null,
            "linked_service_principal": null,
            "name": "xelerate.solutions",
            "name_servers": [
              "ns-348.awsdns-43.com",
              "ns-1501.awsdns-59.org",
              "ns-1006.awsdns-61.net",
              "ns-1794.awsdns-32.co.uk"
            ],
            "private_zone": false,
            "resource_record_set_count": 53,
            "tags": {},
            "vpc_id": null,
            "zone_id": "Z06601991ZHJ55QUAMGVM"
          },
          "sensitive_attributes": []
        }
      ]
    },
    {
      "mode": "data",
      "type": "aws_vpc",
      "name": "default",
      "provider": "provider[\"registry.terraform.io/hashicorp/aws\"]",
      "instances": [
        {
          "schema_version": 0,
          "attributes": {
            "arn": "arn:aws:ec2:eu-north-1:505101208211:vpc/vpc-c68101af",
            "cidr_block": "172.31.0.0/16",
            "cidr_block_associations": [
              {
                "association_id": "vpc-cidr-assoc-130a8a7a",
                "cidr_block": "172.31.0.0/16",
                "state": "associated"
              }
            ],
            "default": true,
            "dhcp_options_id": "dopt-4344c42a",
            "enable_dns_hostnames": true,
            "enable_dns_support": true,
            "filter": null,
            "id": "vpc-c68101af",
            "instance_tenancy": "default",
            "ipv6_association_id": "",
            "ipv6_cidr_block": "",
            "main_route_table_id": "rtb-513ebe38",
            "owner_id": "505101208211",
            "state": null,
            "tags": {},
            "timeouts": null
          },
          "sensitive_attributes": []
        }
      ]
    },
    {
      "mode": "managed",
      "type": "aws_acm_certificate",
      "name": "certificate",
      "provider": "provider[\"registry.terraform.io/hashicorp/aws\"]",
      "instances": [
        {
          "schema_version": 0,
          "attributes": {
            "arn": "arn:aws:acm:eu-north-1:505101208211:certificate/9d7d74ef-25e0-4087-a8d2-7ddc32ce3c99",
            "certificate_authority_arn": "",
            "certificate_body": null,
            "certificate_chain": null,
            "domain_name": "xelerate.solutions",
            "domain_validation_options": [
              {
                "domain_name": "*.xelerate.solutions",
                "resource_record_name": "_cc7063bc35675b1958425ce707188e12.xelerate.solutions.",
                "resource_record_type": "CNAME",
                "resource_record_value": "_1e37af9e851ca0ca2cbda99d1b514347.gjjrqxwdmz.acm-validations.aws."
              },
              {
                "domain_name": "xelerate.solutions",
                "resource_record_name": "_cc7063bc35675b1958425ce707188e12.xelerate.solutions.",
                "resource_record_type": "CNAME",
                "resource_record_value": "_1e37af9e851ca0ca2cbda99d1b514347.gjjrqxwdmz.acm-validations.aws."
              }
            ],
            "id": "arn:aws:acm:eu-north-1:505101208211:certificate/9d7d74ef-25e0-4087-a8d2-7ddc32ce3c99",
            "not_after": "",
            "not_before": "",
            "options": [
              {
                "certificate_transparency_logging_preference": "ENABLED"
              }
            ],
            "private_key": null,
            "status": "PENDING_VALIDATION",
            "subject_alternative_names": [
              "*.xelerate.solutions",
              "xelerate.solutions"
            ],
            "tags": {
              "Environment": "Rensair_Prod",
              "Name": "Rensair_Prod_ACM"
            },
            "tags_all": {
              "Environment": "Rensair_Prod",
              "Name": "Rensair_Prod_ACM"
            },
            "validation_emails": [],
            "validation_method": "DNS",
            "validation_option": []
          },
          "sensitive_attributes": [],
          "private": "bnVsbA==",
          "create_before_destroy": true
        }
      ]
    },
    {
      "mode": "managed",
      "type": "aws_alb",
      "name": "alb",
      "provider": "provider[\"registry.terraform.io/hashicorp/aws\"]",
      "instances": [
        {
          "schema_version": 0,
          "attributes": {
            "access_logs": [
              {
                "bucket": "",
                "enabled": false,
                "prefix": ""
              }
            ],
            "arn": "arn:aws:elasticloadbalancing:eu-north-1:505101208211:loadbalancer/app/Rensair-Prod-ALB/45ad5c75945ffb51",
            "arn_suffix": "app/Rensair-Prod-ALB/45ad5c75945ffb51",
            "customer_owned_ipv4_pool": "",
            "desync_mitigation_mode": "defensive",
            "dns_name": "Rensair-Prod-ALB-1826458805.eu-north-1.elb.amazonaws.com",
            "drop_invalid_header_fields": false,
            "enable_cross_zone_load_balancing": null,
            "enable_deletion_protection": false,
            "enable_http2": true,
            "enable_waf_fail_open": false,
            "id": "arn:aws:elasticloadbalancing:eu-north-1:505101208211:loadbalancer/app/Rensair-Prod-ALB/45ad5c75945ffb51",
            "idle_timeout": 60,
            "internal": false,
            "ip_address_type": "ipv4",
            "load_balancer_type": "application",
            "name": "Rensair-Prod-ALB",
            "name_prefix": null,
            "preserve_host_header": false,
            "security_groups": [
              "sg-0ddebe8ddb9a4e440"
            ],
            "subnet_mapping": [
              {
                "allocation_id": "",
                "ipv6_address": "",
                "outpost_id": "",
                "private_ipv4_address": "",
                "subnet_id": "subnet-1712947e"
              },
              {
                "allocation_id": "",
                "ipv6_address": "",
                "outpost_id": "",
                "private_ipv4_address": "",
                "subnet_id": "subnet-3e1dbc45"
              }
            ],
            "subnets": [
              "subnet-1712947e",
              "subnet-3e1dbc45"
            ],
            "tags": {
              "Environment": "Rensair_Prod",
              "Name": "Rensair_Prod_ALB"
            },
            "tags_all": {
              "Environment": "Rensair_Prod",
              "Name": "Rensair_Prod_ALB"
            },
            "timeouts": null,
            "vpc_id": "vpc-c68101af",
            "zone_id": "Z23TAZ6LKFMNIO"
          },
          "sensitive_attributes": [],
          "private": "eyJlMmJmYjczMC1lY2FhLTExZTYtOGY4OC0zNDM2M2JjN2M0YzAiOnsiY3JlYXRlIjo2MDAwMDAwMDAwMDAsImRlbGV0ZSI6NjAwMDAwMDAwMDAwLCJ1cGRhdGUiOjYwMDAwMDAwMDAwMH19",
          "dependencies": [
            "aws_default_subnet.default_az1",
            "aws_default_subnet.default_az2",
            "aws_security_group.alb_sg"
          ]
        }
      ]
    },
    {
      "mode": "managed",
      "type": "aws_default_subnet",
      "name": "default_az1",
      "provider": "provider[\"registry.terraform.io/hashicorp/aws\"]",
      "instances": [
        {
          "schema_version": 1,
          "attributes": {
            "arn": "arn:aws:ec2:eu-north-1:505101208211:subnet/subnet-1712947e",
            "assign_ipv6_address_on_creation": false,
            "availability_zone": "eu-north-1a",
            "availability_zone_id": "eun1-az1",
            "cidr_block": "172.31.16.0/20",
            "customer_owned_ipv4_pool": "",
            "enable_dns64": false,
            "enable_resource_name_dns_a_record_on_launch": false,
            "enable_resource_name_dns_aaaa_record_on_launch": false,
            "existing_default_subnet": true,
            "force_destroy": false,
            "id": "subnet-1712947e",
            "ipv6_cidr_block": "",
            "ipv6_cidr_block_association_id": "",
            "ipv6_native": false,
            "map_customer_owned_ip_on_launch": false,
            "map_public_ip_on_launch": true,
            "outpost_arn": "",
            "owner_id": "505101208211",
            "private_dns_hostname_type_on_launch": "ip-name",
            "tags": null,
            "tags_all": {},
            "timeouts": null,
            "vpc_id": "vpc-c68101af"
          },
          "sensitive_attributes": [],
          "private": "eyJlMmJmYjczMC1lY2FhLTExZTYtOGY4OC0zNDM2M2JjN2M0YzAiOnsiY3JlYXRlIjo2MDAwMDAwMDAwMDAsImRlbGV0ZSI6MTIwMDAwMDAwMDAwMH0sInNjaGVtYV92ZXJzaW9uIjoiMSJ9"
        }
      ]
    },
    {
      "mode": "managed",
      "type": "aws_default_subnet",
      "name": "default_az2",
      "provider": "provider[\"registry.terraform.io/hashicorp/aws\"]",
      "instances": [
        {
          "schema_version": 1,
          "attributes": {
            "arn": "arn:aws:ec2:eu-north-1:505101208211:subnet/subnet-3e1dbc45",
            "assign_ipv6_address_on_creation": false,
            "availability_zone": "eu-north-1b",
            "availability_zone_id": "eun1-az2",
            "cidr_block": "172.31.32.0/20",
            "customer_owned_ipv4_pool": "",
            "enable_dns64": false,
            "enable_resource_name_dns_a_record_on_launch": false,
            "enable_resource_name_dns_aaaa_record_on_launch": false,
            "existing_default_subnet": true,
            "force_destroy": false,
            "id": "subnet-3e1dbc45",
            "ipv6_cidr_block": "",
            "ipv6_cidr_block_association_id": "",
            "ipv6_native": false,
            "map_customer_owned_ip_on_launch": false,
            "map_public_ip_on_launch": true,
            "outpost_arn": "",
            "owner_id": "505101208211",
            "private_dns_hostname_type_on_launch": "ip-name",
            "tags": null,
            "tags_all": {},
            "timeouts": null,
            "vpc_id": "vpc-c68101af"
          },
          "sensitive_attributes": [],
          "private": "eyJlMmJmYjczMC1lY2FhLTExZTYtOGY4OC0zNDM2M2JjN2M0YzAiOnsiY3JlYXRlIjo2MDAwMDAwMDAwMDAsImRlbGV0ZSI6MTIwMDAwMDAwMDAwMH0sInNjaGVtYV92ZXJzaW9uIjoiMSJ9"
        }
      ]
    },
    {
      "mode": "managed",
      "type": "aws_eip",
      "name": "ec2_eip",
      "provider": "provider[\"registry.terraform.io/hashicorp/aws\"]",
      "instances": [
        {
          "schema_version": 0,
          "attributes": {
            "address": null,
            "allocation_id": "eipalloc-0418fca8c2a7ae881",
            "associate_with_private_ip": null,
            "association_id": "",
            "carrier_ip": "",
            "customer_owned_ip": "",
            "customer_owned_ipv4_pool": "",
            "domain": "vpc",
            "id": "eipalloc-0418fca8c2a7ae881",
            "instance": "",
            "network_border_group": "eu-north-1",
            "network_interface": "",
            "private_dns": null,
            "private_ip": "",
            "public_dns": "ec2-16-16-33-110.eu-north-1.compute.amazonaws.com",
            "public_ip": "16.16.33.110",
            "public_ipv4_pool": "amazon",
            "tags": {
              "Environment": "Rensair_Prod",
              "Name": "Rensair_Prod_Elastic_IP"
            },
            "tags_all": {
              "Environment": "Rensair_Prod",
              "Name": "Rensair_Prod_Elastic_IP"
            },
            "timeouts": null,
            "vpc": true
          },
          "sensitive_attributes": [],
          "private": "eyJlMmJmYjczMC1lY2FhLTExZTYtOGY4OC0zNDM2M2JjN2M0YzAiOnsiZGVsZXRlIjoxODAwMDAwMDAwMDAsInJlYWQiOjkwMDAwMDAwMDAwMCwidXBkYXRlIjozMDAwMDAwMDAwMDB9fQ=="
        }
      ]
    },
    {
      "mode": "managed",
      "type": "aws_eip_association",
      "name": "ec2_eip_association",
      "provider": "provider[\"registry.terraform.io/hashicorp/aws\"]",
      "instances": [
        {
          "schema_version": 0,
          "attributes": {
            "allocation_id": "eipalloc-0418fca8c2a7ae881",
            "allow_reassociation": null,
            "id": "eipassoc-0d5a682deff6b50a1",
            "instance_id": "i-0e3532ecfc9ac5dc9",
            "network_interface_id": "eni-0211bf424f059bd9d",
            "private_ip_address": "172.31.24.9",
            "public_ip": "16.16.33.110"
          },
          "sensitive_attributes": [],
          "private": "bnVsbA==",
          "dependencies": [
            "aws_eip.ec2_eip",
            "aws_instance.ec2",
            "aws_key_pair.ec2_keypair",
            "aws_security_group.ec2_sg"
          ]
        }
      ]
    },
    {
      "mode": "managed",
      "type": "aws_instance",
      "name": "ec2",
      "provider": "provider[\"registry.terraform.io/hashicorp/aws\"]",
      "instances": [
        {
          "schema_version": 1,
          "attributes": {
            "ami": "ami-0440e5026412ff23f",
            "arn": "arn:aws:ec2:eu-north-1:505101208211:instance/i-0e3532ecfc9ac5dc9",
            "associate_public_ip_address": true,
            "availability_zone": "eu-north-1a",
            "capacity_reservation_specification": [
              {
                "capacity_reservation_preference": "open",
                "capacity_reservation_target": []
              }
            ],
            "cpu_core_count": 2,
            "cpu_threads_per_core": 2,
            "credit_specification": [],
            "disable_api_stop": false,
            "disable_api_termination": false,
            "ebs_block_device": [],
            "ebs_optimized": false,
            "enclave_options": [
              {
                "enabled": false
              }
            ],
            "ephemeral_block_device": [],
            "get_password_data": false,
            "hibernation": false,
            "host_id": null,
            "host_resource_group_arn": null,
            "iam_instance_profile": "",
            "id": "i-0e3532ecfc9ac5dc9",
            "instance_initiated_shutdown_behavior": "stop",
            "instance_state": "running",
            "instance_type": "c5a.xlarge",
            "ipv6_address_count": 0,
            "ipv6_addresses": [],
            "key_name": "rensair-prod",
            "launch_template": [],
            "maintenance_options": [
              {
                "auto_recovery": "default"
              }
            ],
            "metadata_options": [
              {
                "http_endpoint": "enabled",
                "http_put_response_hop_limit": 1,
                "http_tokens": "optional",
                "instance_metadata_tags": "disabled"
              }
            ],
            "monitoring": false,
            "network_interface": [],
            "outpost_arn": "",
            "password_data": "",
            "placement_group": "",
            "placement_partition_number": null,
            "primary_network_interface_id": "eni-0211bf424f059bd9d",
            "private_dns": "ip-172-31-24-9.eu-north-1.compute.internal",
            "private_dns_name_options": [
              {
                "enable_resource_name_dns_a_record": false,
                "enable_resource_name_dns_aaaa_record": false,
                "hostname_type": "ip-name"
              }
            ],
            "private_ip": "172.31.24.9",
            "public_dns": "ec2-13-51-161-226.eu-north-1.compute.amazonaws.com",
            "public_ip": "13.51.161.226",
            "root_block_device": [
              {
                "delete_on_termination": false,
                "device_name": "/dev/sda1",
                "encrypted": false,
                "iops": 750,
                "kms_key_id": "",
                "tags": null,
                "throughput": 0,
                "volume_id": "vol-01b03e10590604fc4",
                "volume_size": 250,
                "volume_type": "gp2"
              }
            ],
            "secondary_private_ips": [],
            "security_groups": [
              "Rensair Prod Security Group"
            ],
            "source_dest_check": true,
            "subnet_id": "subnet-1712947e",
            "tags": {
              "Environment": "Rensair_Prod",
              "Name": "Rensair_Prod_Keypair"
            },
            "tags_all": {
              "Environment": "Rensair_Prod",
              "Name": "Rensair_Prod_Keypair"
            },
            "tenancy": "default",
            "timeouts": null,
            "user_data": null,
            "user_data_base64": null,
            "user_data_replace_on_change": false,
            "volume_tags": null,
            "vpc_security_group_ids": [
              "sg-0ae1aa9a587ae5c88"
            ]
          },
          "sensitive_attributes": [],
          "private": "eyJlMmJmYjczMC1lY2FhLTExZTYtOGY4OC0zNDM2M2JjN2M0YzAiOnsiY3JlYXRlIjo2MDAwMDAwMDAwMDAsImRlbGV0ZSI6MTIwMDAwMDAwMDAwMCwidXBkYXRlIjo2MDAwMDAwMDAwMDB9LCJzY2hlbWFfdmVyc2lvbiI6IjEifQ==",
          "dependencies": [
            "aws_key_pair.ec2_keypair",
            "aws_security_group.ec2_sg"
          ]
        }
      ]
    },
    {
      "mode": "managed",
      "type": "aws_key_pair",
      "name": "ec2_keypair",
      "provider": "provider[\"registry.terraform.io/hashicorp/aws\"]",
      "instances": [
        {
          "schema_version": 1,
          "attributes": {
            "arn": "arn:aws:ec2:eu-north-1:505101208211:key-pair/rensair-prod",
            "fingerprint": "a8:19:9c:03:14:ea:1a:3f:f1:9f:11:d6:f7:df:b8:18",
            "id": "rensair-prod",
            "key_name": "rensair-prod",
            "key_name_prefix": "",
            "key_pair_id": "key-07c6dfe4cce533c8f",
            "key_type": "rsa",
            "public_key": "ssh-rsa AAAAB3NzaC1yc2EAAAADAQABAAABgQDZr/spjvxH4NboR+7TUQhuW+E9ZOCM+iG+3fKrEe514LmOP5+uvY3l6gR86kMz5PjEgxTwFqT7ZUJJjrhi3HP11E/pU2IKVYXW9u+MoViWOMqDu3mvqvDqv79NAubFlpq3gfqCaO9kLuCRbNFcgZpUPs43dBBKXb4tRTOqrIuT5YA2loBZoUOgVSHqngoLa6x3pDDRvjcY0a9Iq09fgvYboE2HFuuE3KS1nvTzKlWBqj66aSxzPIYFwvo2txZpCll9lCrQGeTOyjpOVwvFQ67jAxy3Xy7SmR3p4b22eHl6RZ5ByF1mIzw3XJ9fI1wTupRH2km3RBhEnHTzFJrnzj/sP5wVUJlZ7AXshXHicW8/7XeuK03+YG0lIzueAlywF/vZTmNTDIackmjx+a199CSpGhRoZqWIDMkHNGoknwi2zKnkTTuOZ5s087ZNi/BNLbzIGMrvY1dTZN65jPMbuDSAbwH+lXfh5/Io+tFzD4i5ro/jl350hblB3Wqf2j4SQFU= navaid@navaid-Inspiron-3501",
            "tags": {
              "Environment": "Rensair_Prod",
              "Name": "Rensair_Prod_Keypair"
            },
            "tags_all": {
              "Environment": "Rensair_Prod",
              "Name": "Rensair_Prod_Keypair"
            }
          },
          "sensitive_attributes": [],
          "private": "eyJzY2hlbWFfdmVyc2lvbiI6IjEifQ=="
        }
      ]
    },
    {
      "mode": "managed",
      "type": "aws_lb_listener",
      "name": "alb_listener_http",
      "provider": "provider[\"registry.terraform.io/hashicorp/aws\"]",
      "instances": [
        {
          "schema_version": 0,
          "attributes": {
            "alpn_policy": null,
            "arn": "arn:aws:elasticloadbalancing:eu-north-1:505101208211:listener/app/Rensair-Prod-ALB/45ad5c75945ffb51/c1f38f5db42570db",
            "certificate_arn": null,
            "default_action": [
              {
                "authenticate_cognito": [],
                "authenticate_oidc": [],
                "fixed_response": [],
                "forward": [],
                "order": 1,
                "redirect": [],
                "target_group_arn": "arn:aws:elasticloadbalancing:eu-north-1:505101208211:targetgroup/Rensair-Target-Group/27694e1b1dea5668",
                "type": "forward"
              }
            ],
            "id": "arn:aws:elasticloadbalancing:eu-north-1:505101208211:listener/app/Rensair-Prod-ALB/45ad5c75945ffb51/c1f38f5db42570db",
            "load_balancer_arn": "arn:aws:elasticloadbalancing:eu-north-1:505101208211:loadbalancer/app/Rensair-Prod-ALB/45ad5c75945ffb51",
            "port": 80,
            "protocol": "HTTP",
            "ssl_policy": "",
            "tags": {
              "Environment": "Rensair_Prod",
              "Name": "Rensair_Prod_HTTP_Listener"
            },
            "tags_all": {
              "Environment": "Rensair_Prod",
              "Name": "Rensair_Prod_HTTP_Listener"
            },
            "timeouts": null
          },
          "sensitive_attributes": [],
          "private": "eyJlMmJmYjczMC1lY2FhLTExZTYtOGY4OC0zNDM2M2JjN2M0YzAiOnsicmVhZCI6NjAwMDAwMDAwMDAwfX0=",
          "dependencies": [
            "aws_alb.alb",
            "aws_default_subnet.default_az1",
            "aws_default_subnet.default_az2",
            "aws_lb_target_group.alb_tg",
            "aws_security_group.alb_sg",
            "data.aws_vpc.default"
          ]
        }
      ]
    },
    {
      "mode": "managed",
      "type": "aws_lb_listener",
      "name": "alb_listener_https",
      "provider": "provider[\"registry.terraform.io/hashicorp/aws\"]",
      "instances": [
        {
          "schema_version": 0,
          "attributes": {
            "alpn_policy": null,
            "arn": "arn:aws:elasticloadbalancing:eu-north-1:505101208211:listener/app/Rensair-Prod-ALB/45ad5c75945ffb51/5ea8a63aed2eef27",
            "certificate_arn": "arn:aws:acm:eu-north-1:505101208211:certificate/9d7d74ef-25e0-4087-a8d2-7ddc32ce3c99",
            "default_action": [
              {
                "authenticate_cognito": [],
                "authenticate_oidc": [],
                "fixed_response": [],
                "forward": [],
                "order": 1,
                "redirect": [],
                "target_group_arn": "arn:aws:elasticloadbalancing:eu-north-1:505101208211:targetgroup/Rensair-Target-Group/27694e1b1dea5668",
                "type": "forward"
              }
            ],
            "id": "arn:aws:elasticloadbalancing:eu-north-1:505101208211:listener/app/Rensair-Prod-ALB/45ad5c75945ffb51/5ea8a63aed2eef27",
            "load_balancer_arn": "arn:aws:elasticloadbalancing:eu-north-1:505101208211:loadbalancer/app/Rensair-Prod-ALB/45ad5c75945ffb51",
            "port": 443,
            "protocol": "HTTPS",
            "ssl_policy": "ELBSecurityPolicy-2016-08",
            "tags": {
              "Environment": "Rensair_Prod",
              "Name": "Rensair_Prod_HTTPS_Listener"
            },
            "tags_all": {
              "Environment": "Rensair_Prod",
              "Name": "Rensair_Prod_HTTPS_Listener"
            },
            "timeouts": null
          },
          "sensitive_attributes": [],
          "private": "eyJlMmJmYjczMC1lY2FhLTExZTYtOGY4OC0zNDM2M2JjN2M0YzAiOnsicmVhZCI6NjAwMDAwMDAwMDAwfX0=",
          "dependencies": [
            "aws_acm_certificate.certificate",
            "aws_alb.alb",
            "aws_default_subnet.default_az1",
            "aws_default_subnet.default_az2",
            "aws_lb_target_group.alb_tg",
            "aws_security_group.alb_sg",
            "data.aws_vpc.default"
          ]
        }
      ]
    },
    {
      "mode": "managed",
      "type": "aws_lb_target_group",
      "name": "alb_tg",
      "provider": "provider[\"registry.terraform.io/hashicorp/aws\"]",
      "instances": [
        {
          "schema_version": 0,
          "attributes": {
            "arn": "arn:aws:elasticloadbalancing:eu-north-1:505101208211:targetgroup/Rensair-Target-Group/27694e1b1dea5668",
            "arn_suffix": "targetgroup/Rensair-Target-Group/27694e1b1dea5668",
            "connection_termination": false,
            "deregistration_delay": "300",
            "health_check": [
              {
                "enabled": true,
                "healthy_threshold": 3,
                "interval": 20,
                "matcher": "200",
                "path": "/",
                "port": "80",
                "protocol": "HTTP",
                "timeout": 10,
                "unhealthy_threshold": 2
              }
            ],
            "id": "arn:aws:elasticloadbalancing:eu-north-1:505101208211:targetgroup/Rensair-Target-Group/27694e1b1dea5668",
            "ip_address_type": null,
            "lambda_multi_value_headers_enabled": false,
            "load_balancing_algorithm_type": "round_robin",
            "name": "Rensair-Target-Group",
            "name_prefix": null,
            "port": 80,
            "preserve_client_ip": null,
            "protocol": "HTTP",
            "protocol_version": "HTTP1",
            "proxy_protocol_v2": false,
            "slow_start": 0,
            "stickiness": [
              {
                "cookie_duration": 86400,
                "cookie_name": "",
                "enabled": false,
                "type": "lb_cookie"
              }
            ],
            "tags": {
              "Environment": "Rensair_Prod",
              "Name": "Rensair_Prod_TargetGroup"
            },
            "tags_all": {
              "Environment": "Rensair_Prod",
              "Name": "Rensair_Prod_TargetGroup"
            },
            "target_type": "instance",
            "vpc_id": "vpc-c68101af"
          },
          "sensitive_attributes": [],
          "private": "bnVsbA==",
          "dependencies": [
            "data.aws_vpc.default"
          ]
        }
      ]
    },
    {
      "mode": "managed",
      "type": "aws_lb_target_group_attachment",
      "name": "alb_targetgroup_attachment",
      "provider": "provider[\"registry.terraform.io/hashicorp/aws\"]",
      "instances": [
        {
          "schema_version": 0,
          "attributes": {
            "availability_zone": null,
            "id": "arn:aws:elasticloadbalancing:eu-north-1:505101208211:targetgroup/Rensair-Target-Group/27694e1b1dea5668-20220909133012348500000002",
            "port": 80,
            "target_group_arn": "arn:aws:elasticloadbalancing:eu-north-1:505101208211:targetgroup/Rensair-Target-Group/27694e1b1dea5668",
            "target_id": "i-0e3532ecfc9ac5dc9"
          },
          "sensitive_attributes": [],
          "private": "bnVsbA==",
          "dependencies": [
            "aws_instance.ec2",
            "aws_key_pair.ec2_keypair",
            "aws_lb_target_group.alb_tg",
            "aws_security_group.ec2_sg",
            "data.aws_vpc.default"
          ]
        }
      ]
    },
    {
      "mode": "managed",
      "type": "aws_route53_record",
      "name": "rensair_backend",
      "provider": "provider[\"registry.terraform.io/hashicorp/aws\"]",
      "instances": [
        {
          "schema_version": 2,
          "attributes": {
            "alias": [
              {
                "evaluate_target_health": false,
                "name": "rensair-prod-alb-1826458805.eu-north-1.elb.amazonaws.com",
                "zone_id": "Z23TAZ6LKFMNIO"
              }
            ],
            "allow_overwrite": null,
            "failover_routing_policy": [],
            "fqdn": "rensair-backend.xelerate.solutions",
            "geolocation_routing_policy": [],
            "health_check_id": null,
            "id": "Z06601991ZHJ55QUAMGVM_rensair-backend.xelerate.solutions_A",
            "latency_routing_policy": [],
            "multivalue_answer_routing_policy": null,
            "name": "rensair-backend.xelerate.solutions",
            "records": null,
            "set_identifier": null,
            "ttl": null,
            "type": "A",
            "weighted_routing_policy": [],
            "zone_id": "Z06601991ZHJ55QUAMGVM"
          },
          "sensitive_attributes": [],
          "private": "eyJzY2hlbWFfdmVyc2lvbiI6IjIifQ==",
          "dependencies": [
            "aws_alb.alb",
            "aws_default_subnet.default_az1",
            "aws_default_subnet.default_az2",
            "aws_security_group.alb_sg",
            "data.aws_route53_zone.solutions"
          ]
        }
      ]
    },
    {
      "mode": "managed",
      "type": "aws_security_group",
      "name": "alb_sg",
      "provider": "provider[\"registry.terraform.io/hashicorp/aws\"]",
      "instances": [
        {
          "schema_version": 1,
          "attributes": {
            "arn": "arn:aws:ec2:eu-north-1:505101208211:security-group/sg-0ddebe8ddb9a4e440",
            "description": "Rensair Prod ALB Security Group Created on Sep 09 2022",
            "egress": [
              {
                "cidr_blocks": [
                  "0.0.0.0/0"
                ],
                "description": "",
                "from_port": 0,
                "ipv6_cidr_blocks": [],
                "prefix_list_ids": [],
                "protocol": "-1",
                "security_groups": [],
                "self": false,
                "to_port": 0
              }
            ],
            "id": "sg-0ddebe8ddb9a4e440",
            "ingress": [
              {
                "cidr_blocks": [
                  "0.0.0.0/0"
                ],
                "description": "Http access",
                "from_port": 80,
                "ipv6_cidr_blocks": [],
                "prefix_list_ids": [],
                "protocol": "tcp",
                "security_groups": [],
                "self": false,
                "to_port": 80
              },
              {
                "cidr_blocks": [
                  "0.0.0.0/0"
                ],
                "description": "Https access",
                "from_port": 443,
                "ipv6_cidr_blocks": [],
                "prefix_list_ids": [],
                "protocol": "tcp",
                "security_groups": [],
                "self": false,
                "to_port": 443
              }
            ],
            "name": "Rensair Prod ALB Security Group",
            "name_prefix": "",
            "owner_id": "505101208211",
            "revoke_rules_on_delete": false,
            "tags": {
              "Environment": "Rensair_Prod",
              "Name": "Rensair_Prod_ALB_SecurityGroup"
            },
            "tags_all": {
              "Environment": "Rensair_Prod",
              "Name": "Rensair_Prod_ALB_SecurityGroup"
            },
            "timeouts": null,
            "vpc_id": "vpc-c68101af"
          },
          "sensitive_attributes": [],
          "private": "eyJlMmJmYjczMC1lY2FhLTExZTYtOGY4OC0zNDM2M2JjN2M0YzAiOnsiY3JlYXRlIjo2MDAwMDAwMDAwMDAsImRlbGV0ZSI6OTAwMDAwMDAwMDAwfSwic2NoZW1hX3ZlcnNpb24iOiIxIn0="
        }
      ]
    },
    {
      "mode": "managed",
      "type": "aws_security_group",
      "name": "ec2_sg",
      "provider": "provider[\"registry.terraform.io/hashicorp/aws\"]",
      "instances": [
        {
          "schema_version": 1,
          "attributes": {
            "arn": "arn:aws:ec2:eu-north-1:505101208211:security-group/sg-0ae1aa9a587ae5c88",
            "description": "Rensair Prod Security Group Created on Sep 09 2022",
            "egress": [
              {
                "cidr_blocks": [
                  "0.0.0.0/0"
                ],
                "description": "",
                "from_port": 0,
                "ipv6_cidr_blocks": [],
                "prefix_list_ids": [],
                "protocol": "-1",
                "security_groups": [],
                "self": false,
                "to_port": 0
              }
            ],
            "id": "sg-0ae1aa9a587ae5c88",
            "ingress": [
              {
                "cidr_blocks": [
                  "0.0.0.0/0"
                ],
                "description": "SSH from the internet",
                "from_port": 22,
                "ipv6_cidr_blocks": [],
                "prefix_list_ids": [],
                "protocol": "tcp",
                "security_groups": [],
                "self": false,
                "to_port": 22
              }
            ],
            "name": "Rensair Prod Security Group",
            "name_prefix": "",
            "owner_id": "505101208211",
            "revoke_rules_on_delete": false,
            "tags": {
              "Environment": "Rensair_Prod",
              "Name": "Rensair_Prod_SecurityGroup"
            },
            "tags_all": {
              "Environment": "Rensair_Prod",
              "Name": "Rensair_Prod_SecurityGroup"
            },
            "timeouts": null,
            "vpc_id": "vpc-c68101af"
          },
          "sensitive_attributes": [],
          "private": "eyJlMmJmYjczMC1lY2FhLTExZTYtOGY4OC0zNDM2M2JjN2M0YzAiOnsiY3JlYXRlIjo2MDAwMDAwMDAwMDAsImRlbGV0ZSI6OTAwMDAwMDAwMDAwfSwic2NoZW1hX3ZlcnNpb24iOiIxIn0="
        }
      ]
    }
  ]
}
